// !$*UTF8*$!
{
	archiveVersion = 1;
	classes = {
	};
	objectVersion = 48;
	objects = {

/* Begin PBXBuildFile section */
		91F629191C9E4FB6F4FA0819 /* libPods-QXSegmentView.a in Frameworks */ = {isa = PBXBuildFile; fileRef = 09768926FAD27414023C5BF1 /* libPods-QXSegmentView.a */; };
		C69D99A31FB03421009A2FA1 /* AppDelegate.m in Sources */ = {isa = PBXBuildFile; fileRef = C63403DE1FB0329F00AC348D /* AppDelegate.m */; };
		C69D99A41FB03421009A2FA1 /* main.m in Sources */ = {isa = PBXBuildFile; fileRef = C63403DF1FB0329F00AC348D /* main.m */; };
		C69D99A51FB03421009A2FA1 /* ViewController.m in Sources */ = {isa = PBXBuildFile; fileRef = C63403E51FB0329F00AC348D /* ViewController.m */; };
		C69D99A61FB03421009A2FA1 /* QXSegmentView.m in Sources */ = {isa = PBXBuildFile; fileRef = C63403E81FB0329F00AC348D /* QXSegmentView.m */; };
		C69D99E51FB03495009A2FA1 /* LaunchScreen.storyboard in Resources */ = {isa = PBXBuildFile; fileRef = C63403EB1FB032A000AC348D /* LaunchScreen.storyboard */; };
		C69D99E61FB03495009A2FA1 /* Main.storyboard in Resources */ = {isa = PBXBuildFile; fileRef = C63403EC1FB032A000AC348D /* Main.storyboard */; };
		C69D99E71FB03495009A2FA1 /* QXSegmentView.xib in Resources */ = {isa = PBXBuildFile; fileRef = C63403E91FB0329F00AC348D /* QXSegmentView.xib */; };
		C69D99EB1FB037AE009A2FA1 /* UIView+Rect.m in Sources */ = {isa = PBXBuildFile; fileRef = C69D99EA1FB037AE009A2FA1 /* UIView+Rect.m */; };
		C69D99FA1FB057D8009A2FA1 /* DataViewController.m in Sources */ = {isa = PBXBuildFile; fileRef = C69D99F91FB057D8009A2FA1 /* DataViewController.m */; };
		C6E179751FB003B500A84312 /* QXSegmentViewTests.m in Sources */ = {isa = PBXBuildFile; fileRef = C6E179741FB003B500A84312 /* QXSegmentViewTests.m */; };
		C6E179801FB003B500A84312 /* QXSegmentViewUITests.m in Sources */ = {isa = PBXBuildFile; fileRef = C6E1797F1FB003B500A84312 /* QXSegmentViewUITests.m */; };
		C6E179A21FB006A500A84312 /* Assets.xcassets in Resources */ = {isa = PBXBuildFile; fileRef = C6E179941FB006A400A84312 /* Assets.xcassets */; };
/* End PBXBuildFile section */

/* Begin PBXContainerItemProxy section */
		C6E179711FB003B500A84312 /* PBXContainerItemProxy */ = {
			isa = PBXContainerItemProxy;
			containerPortal = C6E179501FB003B400A84312 /* Project object */;
			proxyType = 1;
			remoteGlobalIDString = C6E179571FB003B400A84312;
			remoteInfo = QXSegmentView;
		};
		C6E1797C1FB003B500A84312 /* PBXContainerItemProxy */ = {
			isa = PBXContainerItemProxy;
			containerPortal = C6E179501FB003B400A84312 /* Project object */;
			proxyType = 1;
			remoteGlobalIDString = C6E179571FB003B400A84312;
			remoteInfo = QXSegmentView;
		};
/* End PBXContainerItemProxy section */

/* Begin PBXFileReference section */
		09768926FAD27414023C5BF1 /* libPods-QXSegmentView.a */ = {isa = PBXFileReference; explicitFileType = archive.ar; includeInIndex = 0; path = "libPods-QXSegmentView.a"; sourceTree = BUILT_PRODUCTS_DIR; };
		87E8D11B97B7BDB386AFD0B0 /* Pods-QXSegmentView.release.xcconfig */ = {isa = PBXFileReference; includeInIndex = 1; lastKnownFileType = text.xcconfig; name = "Pods-QXSegmentView.release.xcconfig"; path = "Pods/Target Support Files/Pods-QXSegmentView/Pods-QXSegmentView.release.xcconfig"; sourceTree = "<group>"; };
		A8765472C29309A7A91390AE /* Pods-QXSegmentView.debug.xcconfig */ = {isa = PBXFileReference; includeInIndex = 1; lastKnownFileType = text.xcconfig; name = "Pods-QXSegmentView.debug.xcconfig"; path = "Pods/Target Support Files/Pods-QXSegmentView/Pods-QXSegmentView.debug.xcconfig"; sourceTree = "<group>"; };
		C63403DD1FB0329F00AC348D /* AppDelegate.h */ = {isa = PBXFileReference; lastKnownFileType = sourcecode.c.h; path = AppDelegate.h; sourceTree = "<group>"; };
		C63403DE1FB0329F00AC348D /* AppDelegate.m */ = {isa = PBXFileReference; lastKnownFileType = sourcecode.c.objc; path = AppDelegate.m; sourceTree = "<group>"; };
		C63403DF1FB0329F00AC348D /* main.m */ = {isa = PBXFileReference; lastKnownFileType = sourcecode.c.objc; path = main.m; sourceTree = "<group>"; };
		C63403E01FB0329F00AC348D /* QXSegmentViewPrefixHeader.pch */ = {isa = PBXFileReference; lastKnownFileType = sourcecode.c.h; path = QXSegmentViewPrefixHeader.pch; sourceTree = "<group>"; };
		C63403E41FB0329F00AC348D /* ViewController.h */ = {isa = PBXFileReference; lastKnownFileType = sourcecode.c.h; path = ViewController.h; sourceTree = "<group>"; };
		C63403E51FB0329F00AC348D /* ViewController.m */ = {isa = PBXFileReference; lastKnownFileType = sourcecode.c.objc; path = ViewController.m; sourceTree = "<group>"; };
		C63403E71FB0329F00AC348D /* QXSegmentView.h */ = {isa = PBXFileReference; lastKnownFileType = sourcecode.c.h; path = QXSegmentView.h; sourceTree = "<group>"; };
		C63403E81FB0329F00AC348D /* QXSegmentView.m */ = {isa = PBXFileReference; lastKnownFileType = sourcecode.c.objc; path = QXSegmentView.m; sourceTree = "<group>"; };
		C63403E91FB0329F00AC348D /* QXSegmentView.xib */ = {isa = PBXFileReference; lastKnownFileType = file.xib; path = QXSegmentView.xib; sourceTree = "<group>"; };
		C63403EB1FB032A000AC348D /* LaunchScreen.storyboard */ = {isa = PBXFileReference; lastKnownFileType = file.storyboard; path = LaunchScreen.storyboard; sourceTree = "<group>"; };
		C63403EC1FB032A000AC348D /* Main.storyboard */ = {isa = PBXFileReference; lastKnownFileType = file.storyboard; path = Main.storyboard; sourceTree = "<group>"; };
		C69D99E91FB037AE009A2FA1 /* UIView+Rect.h */ = {isa = PBXFileReference; lastKnownFileType = sourcecode.c.h; path = "UIView+Rect.h"; sourceTree = "<group>"; };
		C69D99EA1FB037AE009A2FA1 /* UIView+Rect.m */ = {isa = PBXFileReference; lastKnownFileType = sourcecode.c.objc; path = "UIView+Rect.m"; sourceTree = "<group>"; };
		C69D99F81FB057D8009A2FA1 /* DataViewController.h */ = {isa = PBXFileReference; lastKnownFileType = sourcecode.c.h; path = DataViewController.h; sourceTree = "<group>"; };
		C69D99F91FB057D8009A2FA1 /* DataViewController.m */ = {isa = PBXFileReference; lastKnownFileType = sourcecode.c.objc; path = DataViewController.m; sourceTree = "<group>"; };
		C6E179581FB003B400A84312 /* QXSegmentView.app */ = {isa = PBXFileReference; explicitFileType = wrapper.application; includeInIndex = 0; path = QXSegmentView.app; sourceTree = BUILT_PRODUCTS_DIR; };
		C6E179701FB003B500A84312 /* QXSegmentViewTests.xctest */ = {isa = PBXFileReference; explicitFileType = wrapper.cfbundle; includeInIndex = 0; path = QXSegmentViewTests.xctest; sourceTree = BUILT_PRODUCTS_DIR; };
		C6E179741FB003B500A84312 /* QXSegmentViewTests.m */ = {isa = PBXFileReference; lastKnownFileType = sourcecode.c.objc; path = QXSegmentViewTests.m; sourceTree = "<group>"; };
		C6E179761FB003B500A84312 /* Info.plist */ = {isa = PBXFileReference; lastKnownFileType = text.plist.xml; path = Info.plist; sourceTree = "<group>"; };
		C6E1797B1FB003B500A84312 /* QXSegmentViewUITests.xctest */ = {isa = PBXFileReference; explicitFileType = wrapper.cfbundle; includeInIndex = 0; path = QXSegmentViewUITests.xctest; sourceTree = BUILT_PRODUCTS_DIR; };
		C6E1797F1FB003B500A84312 /* QXSegmentViewUITests.m */ = {isa = PBXFileReference; lastKnownFileType = sourcecode.c.objc; path = QXSegmentViewUITests.m; sourceTree = "<group>"; };
		C6E179811FB003B500A84312 /* Info.plist */ = {isa = PBXFileReference; lastKnownFileType = text.plist.xml; path = Info.plist; sourceTree = "<group>"; };
		C6E179941FB006A400A84312 /* Assets.xcassets */ = {isa = PBXFileReference; lastKnownFileType = folder.assetcatalog; path = Assets.xcassets; sourceTree = "<group>"; };
		C6E1799C1FB006A400A84312 /* Info.plist */ = {isa = PBXFileReference; fileEncoding = 4; lastKnownFileType = text.plist.xml; path = Info.plist; sourceTree = "<group>"; };
/* End PBXFileReference section */

/* Begin PBXFrameworksBuildPhase section */
		C6E179551FB003B400A84312 /* Frameworks */ = {
			isa = PBXFrameworksBuildPhase;
			buildActionMask = 2147483647;
			files = (
				91F629191C9E4FB6F4FA0819 /* libPods-QXSegmentView.a in Frameworks */,
			);
			runOnlyForDeploymentPostprocessing = 0;
		};
		C6E1796D1FB003B500A84312 /* Frameworks */ = {
			isa = PBXFrameworksBuildPhase;
			buildActionMask = 2147483647;
			files = (
			);
			runOnlyForDeploymentPostprocessing = 0;
		};
		C6E179781FB003B500A84312 /* Frameworks */ = {
			isa = PBXFrameworksBuildPhase;
			buildActionMask = 2147483647;
			files = (
			);
			runOnlyForDeploymentPostprocessing = 0;
		};
/* End PBXFrameworksBuildPhase section */

/* Begin PBXGroup section */
		222E75BF7FCC48F272CA3F98 /* Pods */ = {
			isa = PBXGroup;
			children = (
				A8765472C29309A7A91390AE /* Pods-QXSegmentView.debug.xcconfig */,
				87E8D11B97B7BDB386AFD0B0 /* Pods-QXSegmentView.release.xcconfig */,
			);
			name = Pods;
			sourceTree = "<group>";
		};
		8549CB7C154CA3ED4155CDA1 /* Frameworks */ = {
			isa = PBXGroup;
			children = (
				09768926FAD27414023C5BF1 /* libPods-QXSegmentView.a */,
			);
			name = Frameworks;
			sourceTree = "<group>";
		};
		C63403DB1FB0329F00AC348D /* Architecture */ = {
			isa = PBXGroup;
			children = (
				C63403DC1FB0329F00AC348D /* Main */,
				C63403E01FB0329F00AC348D /* QXSegmentViewPrefixHeader.pch */,
			);
			path = Architecture;
			sourceTree = "<group>";
		};
		C63403DC1FB0329F00AC348D /* Main */ = {
			isa = PBXGroup;
			children = (
				C63403DD1FB0329F00AC348D /* AppDelegate.h */,
				C63403DE1FB0329F00AC348D /* AppDelegate.m */,
				C63403DF1FB0329F00AC348D /* main.m */,
			);
			path = Main;
			sourceTree = "<group>";
		};
		C63403E11FB0329F00AC348D /* Pages */ = {
			isa = PBXGroup;
			children = (
				C63403E21FB0329F00AC348D /* Home */,
			);
			path = Pages;
			sourceTree = "<group>";
		};
		C63403E21FB0329F00AC348D /* Home */ = {
			isa = PBXGroup;
			children = (
				C63403E31FB0329F00AC348D /* Controller */,
				C63403E61FB0329F00AC348D /* View */,
			);
			path = Home;
			sourceTree = "<group>";
		};
		C63403E31FB0329F00AC348D /* Controller */ = {
			isa = PBXGroup;
			children = (
				C63403E41FB0329F00AC348D /* ViewController.h */,
				C63403E51FB0329F00AC348D /* ViewController.m */,
				C69D99F81FB057D8009A2FA1 /* DataViewController.h */,
				C69D99F91FB057D8009A2FA1 /* DataViewController.m */,
			);
			path = Controller;
			sourceTree = "<group>";
		};
		C63403E61FB0329F00AC348D /* View */ = {
			isa = PBXGroup;
			children = (
				C63403E71FB0329F00AC348D /* QXSegmentView.h */,
				C63403E81FB0329F00AC348D /* QXSegmentView.m */,
				C63403E91FB0329F00AC348D /* QXSegmentView.xib */,
			);
			path = View;
			sourceTree = "<group>";
		};
		C63403EA1FB032A000AC348D /* Components */ = {
			isa = PBXGroup;
			children = (
				C69D99E81FB0372C009A2FA1 /* Category */,
				C63403EB1FB032A000AC348D /* LaunchScreen.storyboard */,
				C63403EC1FB032A000AC348D /* Main.storyboard */,
			);
			path = Components;
			sourceTree = "<group>";
		};
		C69D99E81FB0372C009A2FA1 /* Category */ = {
			isa = PBXGroup;
			children = (
				C69D99E91FB037AE009A2FA1 /* UIView+Rect.h */,
				C69D99EA1FB037AE009A2FA1 /* UIView+Rect.m */,
			);
			path = Category;
			sourceTree = "<group>";
		};
		C6E1794F1FB003B400A84312 = {
			isa = PBXGroup;
			children = (
				C6E1795A1FB003B400A84312 /* QXSegmentView */,
				C6E1799C1FB006A400A84312 /* Info.plist */,
				C6E179941FB006A400A84312 /* Assets.xcassets */,
				C6E179731FB003B500A84312 /* QXSegmentViewTests */,
				C6E1797E1FB003B500A84312 /* QXSegmentViewUITests */,
				C6E179591FB003B400A84312 /* Products */,
				222E75BF7FCC48F272CA3F98 /* Pods */,
				8549CB7C154CA3ED4155CDA1 /* Frameworks */,
			);
			sourceTree = "<group>";
		};
		C6E179591FB003B400A84312 /* Products */ = {
			isa = PBXGroup;
			children = (
				C6E179581FB003B400A84312 /* QXSegmentView.app */,
				C6E179701FB003B500A84312 /* QXSegmentViewTests.xctest */,
				C6E1797B1FB003B500A84312 /* QXSegmentViewUITests.xctest */,
			);
			name = Products;
			sourceTree = "<group>";
		};
		C6E1795A1FB003B400A84312 /* QXSegmentView */ = {
			isa = PBXGroup;
			children = (
				C63403DB1FB0329F00AC348D /* Architecture */,
				C63403EA1FB032A000AC348D /* Components */,
				C63403E11FB0329F00AC348D /* Pages */,
			);
			path = QXSegmentView;
			sourceTree = "<group>";
		};
		C6E179731FB003B500A84312 /* QXSegmentViewTests */ = {
			isa = PBXGroup;
			children = (
				C6E179741FB003B500A84312 /* QXSegmentViewTests.m */,
				C6E179761FB003B500A84312 /* Info.plist */,
			);
			path = QXSegmentViewTests;
			sourceTree = "<group>";
		};
		C6E1797E1FB003B500A84312 /* QXSegmentViewUITests */ = {
			isa = PBXGroup;
			children = (
				C6E1797F1FB003B500A84312 /* QXSegmentViewUITests.m */,
				C6E179811FB003B500A84312 /* Info.plist */,
			);
			path = QXSegmentViewUITests;
			sourceTree = "<group>";
		};
/* End PBXGroup section */

/* Begin PBXNativeTarget section */
		C6E179571FB003B400A84312 /* QXSegmentView */ = {
			isa = PBXNativeTarget;
			buildConfigurationList = C6E179841FB003B500A84312 /* Build configuration list for PBXNativeTarget "QXSegmentView" */;
			buildPhases = (
				12B83BCD8788BA1BBCC689A3 /* [CP] Check Pods Manifest.lock */,
				C6E179541FB003B400A84312 /* Sources */,
				C6E179551FB003B400A84312 /* Frameworks */,
				C6E179561FB003B400A84312 /* Resources */,
				A8D9FEC171B486D5D4158B66 /* [CP] Embed Pods Frameworks */,
				6E9CFE5576B742D989978B20 /* [CP] Copy Pods Resources */,
			);
			buildRules = (
			);
			dependencies = (
			);
			name = QXSegmentView;
			productName = QXSegmentView;
			productReference = C6E179581FB003B400A84312 /* QXSegmentView.app */;
			productType = "com.apple.product-type.application";
		};
		C6E1796F1FB003B500A84312 /* QXSegmentViewTests */ = {
			isa = PBXNativeTarget;
			buildConfigurationList = C6E179871FB003B500A84312 /* Build configuration list for PBXNativeTarget "QXSegmentViewTests" */;
			buildPhases = (
				C6E1796C1FB003B500A84312 /* Sources */,
				C6E1796D1FB003B500A84312 /* Frameworks */,
				C6E1796E1FB003B500A84312 /* Resources */,
			);
			buildRules = (
			);
			dependencies = (
				C6E179721FB003B500A84312 /* PBXTargetDependency */,
			);
			name = QXSegmentViewTests;
			productName = QXSegmentViewTests;
			productReference = C6E179701FB003B500A84312 /* QXSegmentViewTests.xctest */;
			productType = "com.apple.product-type.bundle.unit-test";
		};
		C6E1797A1FB003B500A84312 /* QXSegmentViewUITests */ = {
			isa = PBXNativeTarget;
			buildConfigurationList = C6E1798A1FB003B500A84312 /* Build configuration list for PBXNativeTarget "QXSegmentViewUITests" */;
			buildPhases = (
				C6E179771FB003B500A84312 /* Sources */,
				C6E179781FB003B500A84312 /* Frameworks */,
				C6E179791FB003B500A84312 /* Resources */,
			);
			buildRules = (
			);
			dependencies = (
				C6E1797D1FB003B500A84312 /* PBXTargetDependency */,
			);
			name = QXSegmentViewUITests;
			productName = QXSegmentViewUITests;
			productReference = C6E1797B1FB003B500A84312 /* QXSegmentViewUITests.xctest */;
			productType = "com.apple.product-type.bundle.ui-testing";
		};
/* End PBXNativeTarget section */

/* Begin PBXProject section */
		C6E179501FB003B400A84312 /* Project object */ = {
			isa = PBXProject;
			attributes = {
				LastUpgradeCheck = 0910;
				ORGANIZATIONNAME = "王庆学";
				TargetAttributes = {
					C6E179571FB003B400A84312 = {
						CreatedOnToolsVersion = 9.1;
						ProvisioningStyle = Manual;
					};
					C6E1796F1FB003B500A84312 = {
						CreatedOnToolsVersion = 9.1;
						ProvisioningStyle = Automatic;
						TestTargetID = C6E179571FB003B400A84312;
					};
					C6E1797A1FB003B500A84312 = {
						CreatedOnToolsVersion = 9.1;
						ProvisioningStyle = Automatic;
						TestTargetID = C6E179571FB003B400A84312;
					};
				};
			};
			buildConfigurationList = C6E179531FB003B400A84312 /* Build configuration list for PBXProject "QXSegmentView" */;
			compatibilityVersion = "Xcode 8.0";
			developmentRegion = en;
			hasScannedForEncodings = 0;
			knownRegions = (
				en,
				Base,
			);
			mainGroup = C6E1794F1FB003B400A84312;
			productRefGroup = C6E179591FB003B400A84312 /* Products */;
			projectDirPath = "";
			projectRoot = "";
			targets = (
				C6E179571FB003B400A84312 /* QXSegmentView */,
				C6E1796F1FB003B500A84312 /* QXSegmentViewTests */,
				C6E1797A1FB003B500A84312 /* QXSegmentViewUITests */,
			);
		};
/* End PBXProject section */

/* Begin PBXResourcesBuildPhase section */
		C6E179561FB003B400A84312 /* Resources */ = {
			isa = PBXResourcesBuildPhase;
			buildActionMask = 2147483647;
			files = (
				C69D99E51FB03495009A2FA1 /* LaunchScreen.storyboard in Resources */,
				C69D99E61FB03495009A2FA1 /* Main.storyboard in Resources */,
				C69D99E71FB03495009A2FA1 /* QXSegmentView.xib in Resources */,
				C6E179A21FB006A500A84312 /* Assets.xcassets in Resources */,
			);
			runOnlyForDeploymentPostprocessing = 0;
		};
		C6E1796E1FB003B500A84312 /* Resources */ = {
			isa = PBXResourcesBuildPhase;
			buildActionMask = 2147483647;
			files = (
			);
			runOnlyForDeploymentPostprocessing = 0;
		};
		C6E179791FB003B500A84312 /* Resources */ = {
			isa = PBXResourcesBuildPhase;
			buildActionMask = 2147483647;
			files = (
			);
			runOnlyForDeploymentPostprocessing = 0;
		};
/* End PBXResourcesBuildPhase section */

/* Begin PBXShellScriptBuildPhase section */
		12B83BCD8788BA1BBCC689A3 /* [CP] Check Pods Manifest.lock */ = {
			isa = PBXShellScriptBuildPhase;
			buildActionMask = 2147483647;
			files = (
			);
			inputPaths = (
			);
			name = "[CP] Check Pods Manifest.lock";
			outputPaths = (
			);
			runOnlyForDeploymentPostprocessing = 0;
			shellPath = /bin/sh;
			shellScript = "diff \"${PODS_PODFILE_DIR_PATH}/Podfile.lock\" \"${PODS_ROOT}/Manifest.lock\" > /dev/null\nif [ $? != 0 ] ; then\n    # print error to STDERR\n    echo \"error: The sandbox is not in sync with the Podfile.lock. Run 'pod install' or update your CocoaPods installation.\" >&2\n    exit 1\nfi\n";
			showEnvVarsInLog = 0;
		};
		6E9CFE5576B742D989978B20 /* [CP] Copy Pods Resources */ = {
			isa = PBXShellScriptBuildPhase;
			buildActionMask = 2147483647;
			files = (
			);
			inputPaths = (
			);
			name = "[CP] Copy Pods Resources";
			outputPaths = (
			);
			runOnlyForDeploymentPostprocessing = 0;
			shellPath = /bin/sh;
			shellScript = "\"${SRCROOT}/Pods/Target Support Files/Pods-QXSegmentView/Pods-QXSegmentView-resources.sh\"\n";
			showEnvVarsInLog = 0;
		};
		A8D9FEC171B486D5D4158B66 /* [CP] Embed Pods Frameworks */ = {
			isa = PBXShellScriptBuildPhase;
			buildActionMask = 2147483647;
			files = (
			);
			inputPaths = (
			);
			name = "[CP] Embed Pods Frameworks";
			outputPaths = (
			);
			runOnlyForDeploymentPostprocessing = 0;
			shellPath = /bin/sh;
			shellScript = "\"${SRCROOT}/Pods/Target Support Files/Pods-QXSegmentView/Pods-QXSegmentView-frameworks.sh\"\n";
			showEnvVarsInLog = 0;
		};
/* End PBXShellScriptBuildPhase section */

/* Begin PBXSourcesBuildPhase section */
		C6E179541FB003B400A84312 /* Sources */ = {
			isa = PBXSourcesBuildPhase;
			buildActionMask = 2147483647;
			files = (
				C69D99A31FB03421009A2FA1 /* AppDelegate.m in Sources */,
				C69D99A41FB03421009A2FA1 /* main.m in Sources */,
				C69D99EB1FB037AE009A2FA1 /* UIView+Rect.m in Sources */,
				C69D99A51FB03421009A2FA1 /* ViewController.m in Sources */,
				C69D99FA1FB057D8009A2FA1 /* DataViewController.m in Sources */,
				C69D99A61FB03421009A2FA1 /* QXSegmentView.m in Sources */,
			);
			runOnlyForDeploymentPostprocessing = 0;
		};
		C6E1796C1FB003B500A84312 /* Sources */ = {
			isa = PBXSourcesBuildPhase;
			buildActionMask = 2147483647;
			files = (
				C6E179751FB003B500A84312 /* QXSegmentViewTests.m in Sources */,
			);
			runOnlyForDeploymentPostprocessing = 0;
		};
		C6E179771FB003B500A84312 /* Sources */ = {
			isa = PBXSourcesBuildPhase;
			buildActionMask = 2147483647;
			files = (
				C6E179801FB003B500A84312 /* QXSegmentViewUITests.m in Sources */,
			);
			runOnlyForDeploymentPostprocessing = 0;
		};
/* End PBXSourcesBuildPhase section */

/* Begin PBXTargetDependency section */
		C6E179721FB003B500A84312 /* PBXTargetDependency */ = {
			isa = PBXTargetDependency;
			target = C6E179571FB003B400A84312 /* QXSegmentView */;
			targetProxy = C6E179711FB003B500A84312 /* PBXContainerItemProxy */;
		};
		C6E1797D1FB003B500A84312 /* PBXTargetDependency */ = {
			isa = PBXTargetDependency;
			target = C6E179571FB003B400A84312 /* QXSegmentView */;
			targetProxy = C6E1797C1FB003B500A84312 /* PBXContainerItemProxy */;
		};
/* End PBXTargetDependency section */

/* Begin XCBuildConfiguration section */
		C6E179821FB003B500A84312 /* Debug */ = {
			isa = XCBuildConfiguration;
			buildSettings = {
				ALWAYS_SEARCH_USER_PATHS = NO;
				CLANG_ANALYZER_NONNULL = YES;
				CLANG_ANALYZER_NUMBER_OBJECT_CONVERSION = YES_AGGRESSIVE;
				CLANG_CXX_LANGUAGE_STANDARD = "gnu++14";
				CLANG_CXX_LIBRARY = "libc++";
				CLANG_ENABLE_MODULES = YES;
				CLANG_ENABLE_OBJC_ARC = YES;
				CLANG_WARN_BLOCK_CAPTURE_AUTORELEASING = YES;
				CLANG_WARN_BOOL_CONVERSION = YES;
				CLANG_WARN_COMMA = YES;
				CLANG_WARN_CONSTANT_CONVERSION = YES;
				CLANG_WARN_DIRECT_OBJC_ISA_USAGE = YES_ERROR;
				CLANG_WARN_DOCUMENTATION_COMMENTS = YES;
				CLANG_WARN_EMPTY_BODY = YES;
				CLANG_WARN_ENUM_CONVERSION = YES;
				CLANG_WARN_INFINITE_RECURSION = YES;
				CLANG_WARN_INT_CONVERSION = YES;
				CLANG_WARN_NON_LITERAL_NULL_CONVERSION = YES;
				CLANG_WARN_OBJC_LITERAL_CONVERSION = YES;
				CLANG_WARN_OBJC_ROOT_CLASS = YES_ERROR;
				CLANG_WARN_RANGE_LOOP_ANALYSIS = YES;
				CLANG_WARN_STRICT_PROTOTYPES = YES;
				CLANG_WARN_SUSPICIOUS_MOVE = YES;
				CLANG_WARN_UNGUARDED_AVAILABILITY = YES_AGGRESSIVE;
				CLANG_WARN_UNREACHABLE_CODE = YES;
				CLANG_WARN__DUPLICATE_METHOD_MATCH = YES;
				CODE_SIGN_IDENTITY = "iPhone Developer";
				COPY_PHASE_STRIP = NO;
				DEBUG_INFORMATION_FORMAT = dwarf;
				ENABLE_STRICT_OBJC_MSGSEND = YES;
				ENABLE_TESTABILITY = YES;
				GCC_C_LANGUAGE_STANDARD = gnu11;
				GCC_DYNAMIC_NO_PIC = NO;
				GCC_NO_COMMON_BLOCKS = YES;
				GCC_OPTIMIZATION_LEVEL = 0;
				GCC_PREPROCESSOR_DEFINITIONS = (
					"DEBUG=1",
					"$(inherited)",
				);
				GCC_WARN_64_TO_32_BIT_CONVERSION = YES;
				GCC_WARN_ABOUT_RETURN_TYPE = YES_ERROR;
				GCC_WARN_UNDECLARED_SELECTOR = YES;
				GCC_WARN_UNINITIALIZED_AUTOS = YES_AGGRESSIVE;
				GCC_WARN_UNUSED_FUNCTION = YES;
				GCC_WARN_UNUSED_VARIABLE = YES;
				IPHONEOS_DEPLOYMENT_TARGET = 11.1;
				MTL_ENABLE_DEBUG_INFO = YES;
				ONLY_ACTIVE_ARCH = YES;
				SDKROOT = iphoneos;
			};
			name = Debug;
		};
		C6E179831FB003B500A84312 /* Release */ = {
			isa = XCBuildConfiguration;
			buildSettings = {
				ALWAYS_SEARCH_USER_PATHS = NO;
				CLANG_ANALYZER_NONNULL = YES;
				CLANG_ANALYZER_NUMBER_OBJECT_CONVERSION = YES_AGGRESSIVE;
				CLANG_CXX_LANGUAGE_STANDARD = "gnu++14";
				CLANG_CXX_LIBRARY = "libc++";
				CLANG_ENABLE_MODULES = YES;
				CLANG_ENABLE_OBJC_ARC = YES;
				CLANG_WARN_BLOCK_CAPTURE_AUTORELEASING = YES;
				CLANG_WARN_BOOL_CONVERSION = YES;
				CLANG_WARN_COMMA = YES;
				CLANG_WARN_CONSTANT_CONVERSION = YES;
				CLANG_WARN_DIRECT_OBJC_ISA_USAGE = YES_ERROR;
				CLANG_WARN_DOCUMENTATION_COMMENTS = YES;
				CLANG_WARN_EMPTY_BODY = YES;
				CLANG_WARN_ENUM_CONVERSION = YES;
				CLANG_WARN_INFINITE_RECURSION = YES;
				CLANG_WARN_INT_CONVERSION = YES;
				CLANG_WARN_NON_LITERAL_NULL_CONVERSION = YES;
				CLANG_WARN_OBJC_LITERAL_CONVERSION = YES;
				CLANG_WARN_OBJC_ROOT_CLASS = YES_ERROR;
				CLANG_WARN_RANGE_LOOP_ANALYSIS = YES;
				CLANG_WARN_STRICT_PROTOTYPES = YES;
				CLANG_WARN_SUSPICIOUS_MOVE = YES;
				CLANG_WARN_UNGUARDED_AVAILABILITY = YES_AGGRESSIVE;
				CLANG_WARN_UNREACHABLE_CODE = YES;
				CLANG_WARN__DUPLICATE_METHOD_MATCH = YES;
				CODE_SIGN_IDENTITY = "iPhone Developer";
				COPY_PHASE_STRIP = NO;
				DEBUG_INFORMATION_FORMAT = "dwarf-with-dsym";
				ENABLE_NS_ASSERTIONS = NO;
				ENABLE_STRICT_OBJC_MSGSEND = YES;
				GCC_C_LANGUAGE_STANDARD = gnu11;
				GCC_NO_COMMON_BLOCKS = YES;
				GCC_WARN_64_TO_32_BIT_CONVERSION = YES;
				GCC_WARN_ABOUT_RETURN_TYPE = YES_ERROR;
				GCC_WARN_UNDECLARED_SELECTOR = YES;
				GCC_WARN_UNINITIALIZED_AUTOS = YES_AGGRESSIVE;
				GCC_WARN_UNUSED_FUNCTION = YES;
				GCC_WARN_UNUSED_VARIABLE = YES;
				IPHONEOS_DEPLOYMENT_TARGET = 11.1;
				MTL_ENABLE_DEBUG_INFO = NO;
				SDKROOT = iphoneos;
				VALIDATE_PRODUCT = YES;
			};
			name = Release;
		};
		C6E179851FB003B500A84312 /* Debug */ = {
			isa = XCBuildConfiguration;
			baseConfigurationReference = A8765472C29309A7A91390AE /* Pods-QXSegmentView.debug.xcconfig */;
			buildSettings = {
				ASSETCATALOG_COMPILER_APPICON_NAME = AppIcon;
				CODE_SIGN_STYLE = Manual;
				DEVELOPMENT_TEAM = "";
				EXECUTABLE_PREFIX = "";
				GCC_PREFIX_HEADER = QXSegmentView/Architecture/QXSegmentViewPrefixHeader.pch;
				INFOPLIST_FILE = "$(SRCROOT)/Info.plist";
				IPHONEOS_DEPLOYMENT_TARGET = 9.0;
				LD_RUNPATH_SEARCH_PATHS = "$(inherited) @executable_path/Frameworks";
				PRODUCT_BUNDLE_IDENTIFIER = clud.go355.www.WindCar.QXSegmentView;
				PRODUCT_NAME = "$(TARGET_NAME)";
				PROVISIONING_PROFILE_SPECIFIER = "";
				TARGETED_DEVICE_FAMILY = "1,2";
			};
			name = Debug;
		};
		C6E179861FB003B500A84312 /* Release */ = {
			isa = XCBuildConfiguration;
			baseConfigurationReference = 87E8D11B97B7BDB386AFD0B0 /* Pods-QXSegmentView.release.xcconfig */;
			buildSettings = {
				ASSETCATALOG_COMPILER_APPICON_NAME = AppIcon;
				CODE_SIGN_STYLE = Manual;
				DEVELOPMENT_TEAM = "";
				EXECUTABLE_PREFIX = "";
				GCC_PREFIX_HEADER = QXSegmentView/Architecture/QXSegmentViewPrefixHeader.pch;
				INFOPLIST_FILE = "$(SRCROOT)/Info.plist";
				IPHONEOS_DEPLOYMENT_TARGET = 9.0;
				LD_RUNPATH_SEARCH_PATHS = "$(inherited) @executable_path/Frameworks";
				PRODUCT_BUNDLE_IDENTIFIER = clud.go355.www.WindCar.QXSegmentView;
				PRODUCT_NAME = "$(TARGET_NAME)";
				PROVISIONING_PROFILE_SPECIFIER = "";
				TARGETED_DEVICE_FAMILY = "1,2";
			};
			name = Release;
		};
		C6E179881FB003B500A84312 /* Debug */ = {
			isa = XCBuildConfiguration;
			buildSettings = {
				BUNDLE_LOADER = "$(TEST_HOST)";
				CODE_SIGN_STYLE = Automatic;
				INFOPLIST_FILE = QXSegmentViewTests/Info.plist;
				LD_RUNPATH_SEARCH_PATHS = "$(inherited) @executable_path/Frameworks @loader_path/Frameworks";
				PRODUCT_BUNDLE_IDENTIFIER = clud.go355.www.WindCar.QXSegmentViewTests;
				PRODUCT_NAME = "$(TARGET_NAME)";
				TARGETED_DEVICE_FAMILY = "1,2";
				TEST_HOST = "$(BUILT_PRODUCTS_DIR)/QXSegmentView.app/QXSegmentView";
			};
			name = Debug;
		};
		C6E179891FB003B500A84312 /* Release */ = {
			isa = XCBuildConfiguration;
			buildSettings = {
				BUNDLE_LOADER = "$(TEST_HOST)";
				CODE_SIGN_STYLE = Automatic;
				INFOPLIST_FILE = QXSegmentViewTests/Info.plist;
				LD_RUNPATH_SEARCH_PATHS = "$(inherited) @executable_path/Frameworks @loader_path/Frameworks";
				PRODUCT_BUNDLE_IDENTIFIER = clud.go355.www.WindCar.QXSegmentViewTests;
				PRODUCT_NAME = "$(TARGET_NAME)";
				TARGETED_DEVICE_FAMILY = "1,2";
				TEST_HOST = "$(BUILT_PRODUCTS_DIR)/QXSegmentView.app/QXSegmentView";
			};
			name = Release;
		};
		C6E1798B1FB003B500A84312 /* Debug */ = {
			isa = XCBuildConfiguration;
			buildSettings = {
				CODE_SIGN_STYLE = Automatic;
				INFOPLIST_FILE = QXSegmentViewUITests/Info.plist;
				LD_RUNPATH_SEARCH_PATHS = "$(inherited) @executable_path/Frameworks @loader_path/Frameworks";
				PRODUCT_BUNDLE_IDENTIFIER = clud.go355.www.WindCar.QXSegmentViewUITests;
				PRODUCT_NAME = "$(TARGET_NAME)";
				TARGETED_DEVICE_FAMILY = "1,2";
				TEST_TARGET_NAME = QXSegmentView;
			};
			name = Debug;
		};
		C6E1798C1FB003B500A84312 /* Release */ = {
			isa = XCBuildConfiguration;
			buildSettings = {
				CODE_SIGN_STYLE = Automatic;
				INFOPLIST_FILE = QXSegmentViewUITests/Info.plist;
				LD_RUNPATH_SEARCH_PATHS = "$(inherited) @executable_path/Frameworks @loader_path/Frameworks";
				PRODUCT_BUNDLE_IDENTIFIER = clud.go355.www.WindCar.QXSegmentViewUITests;
				PRODUCT_NAME = "$(TARGET_NAME)";
				TARGETED_DEVICE_FAMILY = "1,2";
				TEST_TARGET_NAME = QXSegmentView;
			};
			name = Release;
		};
/* End XCBuildConfiguration section */

/* Begin XCConfigurationList section */
		C6E179531FB003B400A84312 /* Build configuration list for PBXProject "QXSegmentView" */ = {
			isa = XCConfigurationList;
			buildConfigurations = (
				C6E179821FB003B500A84312 /* Debug */,
				C6E179831FB003B500A84312 /* Release */,
			);
			defaultConfigurationIsVisible = 0;
			defaultConfigurationName = Release;
		};
		C6E179841FB003B500A84312 /* Build configuration list for PBXNativeTarget "QXSegmentView" */ = {
			isa = XCConfigurationList;
			buildConfigurations = (
				C6E179851FB003B500A84312 /* Debug */,
				C6E179861FB003B500A84312 /* Release */,
			);
			defaultConfigurationIsVisible = 0;
			defaultConfigurationName = Release;
		};
		C6E179871FB003B500A84312 /* Build configuration list for PBXNativeTarget "QXSegmentViewTests" */ = {
			isa = XCConfigurationList;
			buildConfigurations = (
				C6E179881FB003B500A84312 /* Debug */,
				C6E179891FB003B500A84312 /* Release */,
			);
			defaultConfigurationIsVisible = 0;
			defaultConfigurationName = Release;
		};
		C6E1798A1FB003B500A84312 /* Build configuration list for PBXNativeTarget "QXSegmentViewUITests" */ = {
			isa = XCConfigurationList;
			buildConfigurations = (
				C6E1798B1FB003B500A84312 /* Debug */,
				C6E1798C1FB003B500A84312 /* Release */,
			);
			defaultConfigurationIsVisible = 0;
			defaultConfigurationName = Release;
		};
/* End XCConfigurationList section */
	};
	rootObject = C6E179501FB003B400A84312 /* Project object */;
}
